
Microsoft Visual Studio Solution File, Format Version 12.00
# Visual Studio Version 16
VisualStudioVersion = 16.0.31402.337
MinimumVisualStudioVersion = 10.0.40219.1
Project("{FAE04EC0-301F-11D3-BF4B-00C04F79EFBC}") = "MealTracker.UWP", "MealTracker\MealTracker.UWP\MealTracker.UWP.csproj", "{FC152BAC-B379-43B6-923F-3BC0DBFFD8C4}"
EndProject
Project("{FAE04EC0-301F-11D3-BF4B-00C04F79EFBC}") = "MealTracker.Android", "MealTracker\MealTracker.Android\MealTracker.Android.csproj", "{1432C254-94FA-45B4-8C95-6196A35CBB23}"
EndProject
Project("{FAE04EC0-301F-11D3-BF4B-00C04F79EFBC}") = "MealTracker.iOS", "MealTracker\MealTracker.iOS\MealTracker.iOS.csproj", "{908348F2-3236-4DB8-9EC3-4FB67239A1DA}"
EndProject
Project("{9A19103F-16F7-4668-BE54-9A1E7A4F7556}") = "MealTracker", "MealTracker\MealTracker\MealTracker.csproj", "{19855A93-AFD2-47AC-AAB6-FC19094F6F31}"
EndProject
Global
	GlobalSection(SolutionConfigurationPlatforms) = preSolution
		Debug|Any CPU = Debug|Any CPU
		Debug|ARM = Debug|ARM
		Debug|iPhone = Debug|iPhone
		Debug|iPhoneSimulator = Debug|iPhoneSimulator
		Debug|x64 = Debug|x64
		Debug|x86 = Debug|x86
		Release|Any CPU = Release|Any CPU
		Release|ARM = Release|ARM
		Release|iPhone = Release|iPhone
		Release|iPhoneSimulator = Release|iPhoneSimulator
		Release|x64 = Release|x64
		Release|x86 = Release|x86
	EndGlobalSection
	GlobalSection(ProjectConfigurationPlatforms) = postSolution
		{FC152BAC-B379-43B6-923F-3BC0DBFFD8C4}.Debug|Any CPU.ActiveCfg = Debug|x86
		{FC152BAC-B379-43B6-923F-3BC0DBFFD8C4}.Debug|Any CPU.Build.0 = Debug|x86
		{FC152BAC-B379-43B6-923F-3BC0DBFFD8C4}.Debug|Any CPU.Deploy.0 = Debug|x86
		{FC152BAC-B379-43B6-923F-3BC0DBFFD8C4}.Debug|ARM.ActiveCfg = Debug|ARM
		{FC152BAC-B379-43B6-923F-3BC0DBFFD8C4}.Debug|ARM.Build.0 = Debug|ARM
		{FC152BAC-B379-43B6-923F-3BC0DBFFD8C4}.Debug|ARM.Deploy.0 = Debug|ARM
		{FC152BAC-B379-43B6-923F-3BC0DBFFD8C4}.Debug|iPhone.ActiveCfg = Debug|x86
		{FC152BAC-B379-43B6-923F-3BC0DBFFD8C4}.Debug|iPhone.Build.0 = Debug|x86
		{FC152BAC-B379-43B6-923F-3BC0DBFFD8C4}.Debug|iPhone.Deploy.0 = Debug|x86
		{FC152BAC-B379-43B6-923F-3BC0DBFFD8C4}.Debug|iPhoneSimulator.ActiveCfg = Debug|x86
		{FC152BAC-B379-43B6-923F-3BC0DBFFD8C4}.Debug|iPhoneSimulator.Build.0 = Debug|x86
		{FC152BAC-B379-43B6-923F-3BC0DBFFD8C4}.Debug|iPhoneSimulator.Deploy.0 = Debug|x86
		{FC152BAC-B379-43B6-923F-3BC0DBFFD8C4}.Debug|x64.ActiveCfg = Debug|x64
		{FC152BAC-B379-43B6-923F-3BC0DBFFD8C4}.Debug|x64.Build.0 = Debug|x64
		{FC152BAC-B379-43B6-923F-3BC0DBFFD8C4}.Debug|x64.Deploy.0 = Debug|x64
		{FC152BAC-B379-43B6-923F-3BC0DBFFD8C4}.Debug|x86.ActiveCfg = Debug|x86
		{FC152BAC-B379-43B6-923F-3BC0DBFFD8C4}.Debug|x86.Build.0 = Debug|x86
		{FC152BAC-B379-43B6-923F-3BC0DBFFD8C4}.Debug|x86.Deploy.0 = Debug|x86
		{FC152BAC-B379-43B6-923F-3BC0DBFFD8C4}.Release|Any CPU.ActiveCfg = Release|x86
		{FC152BAC-B379-43B6-923F-3BC0DBFFD8C4}.Release|Any CPU.Build.0 = Release|x86
		{FC152BAC-B379-43B6-923F-3BC0DBFFD8C4}.Release|Any CPU.Deploy.0 = Release|x86
		{FC152BAC-B379-43B6-923F-3BC0DBFFD8C4}.Release|ARM.ActiveCfg = Release|ARM
		{FC152BAC-B379-43B6-923F-3BC0DBFFD8C4}.Release|ARM.Build.0 = Release|ARM
		{FC152BAC-B379-43B6-923F-3BC0DBFFD8C4}.Release|ARM.Deploy.0 = Release|ARM
		{FC152BAC-B379-43B6-923F-3BC0DBFFD8C4}.Release|iPhone.ActiveCfg = Release|x86
		{FC152BAC-B379-43B6-923F-3BC0DBFFD8C4}.Release|iPhone.Build.0 = Release|x86
		{FC152BAC-B379-43B6-923F-3BC0DBFFD8C4}.Release|iPhone.Deploy.0 = Release|x86
		{FC152BAC-B379-43B6-923F-3BC0DBFFD8C4}.Release|iPhoneSimulator.ActiveCfg = Release|x86
		{FC152BAC-B379-43B6-923F-3BC0DBFFD8C4}.Release|iPhoneSimulator.Build.0 = Release|x86
		{FC152BAC-B379-43B6-923F-3BC0DBFFD8C4}.Release|iPhoneSimulator.Deploy.0 = Release|x86
		{FC152BAC-B379-43B6-923F-3BC0DBFFD8C4}.Release|x64.ActiveCfg = Release|x64
		{FC152BAC-B379-43B6-923F-3BC0DBFFD8C4}.Release|x64.Build.0 = Release|x64
		{FC152BAC-B379-43B6-923F-3BC0DBFFD8C4}.Release|x64.Deploy.0 = Release|x64
		{FC152BAC-B379-43B6-923F-3BC0DBFFD8C4}.Release|x86.ActiveCfg = Release|x86
		{FC152BAC-B379-43B6-923F-3BC0DBFFD8C4}.Release|x86.Build.0 = Release|x86
		{FC152BAC-B379-43B6-923F-3BC0DBFFD8C4}.Release|x86.Deploy.0 = Release|x86
		{1432C254-94FA-45B4-8C95-6196A35CBB23}.Debug|Any CPU.ActiveCfg = Debug|Any CPU
		{1432C254-94FA-45B4-8C95-6196A35CBB23}.Debug|Any CPU.Build.0 = Debug|Any CPU
		{1432C254-94FA-45B4-8C95-6196A35CBB23}.Debug|Any CPU.Deploy.0 = Debug|Any CPU
		{1432C254-94FA-45B4-8C95-6196A35CBB23}.Debug|ARM.ActiveCfg = Debug|Any CPU
		{1432C254-94FA-45B4-8C95-6196A35CBB23}.Debug|ARM.Build.0 = Debug|Any CPU
		{1432C254-94FA-45B4-8C95-6196A35CBB23}.Debug|ARM.Deploy.0 = Debug|Any CPU
		{1432C254-94FA-45B4-8C95-6196A35CBB23}.Debug|iPhone.ActiveCfg = Debug|Any CPU
		{1432C254-94FA-45B4-8C95-6196A35CBB23}.Debug|iPhone.Build.0 = Debug|Any CPU
		{1432C254-94FA-45B4-8C95-6196A35CBB23}.Debug|iPhone.Deploy.0 = Debug|Any CPU
		{1432C254-94FA-45B4-8C95-6196A35CBB23}.Debug|iPhoneSimulator.ActiveCfg = Debug|Any CPU
		{1432C254-94FA-45B4-8C95-6196A35CBB23}.Debug|iPhoneSimulator.Build.0 = Debug|Any CPU
		{1432C254-94FA-45B4-8C95-6196A35CBB23}.Debug|iPhoneSimulator.Deploy.0 = Debug|Any CPU
		{1432C254-94FA-45B4-8C95-6196A35CBB23}.Debug|x64.ActiveCfg = Debug|Any CPU
		{1432C254-94FA-45B4-8C95-6196A35CBB23}.Debug|x64.Build.0 = Debug|Any CPU
		{1432C254-94FA-45B4-8C95-6196A35CBB23}.Debug|x64.Deploy.0 = Debug|Any CPU
		{1432C254-94FA-45B4-8C95-6196A35CBB23}.Debug|x86.ActiveCfg = Debug|Any CPU
		{1432C254-94FA-45B4-8C95-6196A35CBB23}.Debug|x86.Build.0 = Debug|Any CPU
		{1432C254-94FA-45B4-8C95-6196A35CBB23}.Debug|x86.Deploy.0 = Debug|Any CPU
		{1432C254-94FA-45B4-8C95-6196A35CBB23}.Release|Any CPU.ActiveCfg = Release|Any CPU
		{1432C254-94FA-45B4-8C95-6196A35CBB23}.Release|Any CPU.Build.0 = Release|Any CPU
		{1432C254-94FA-45B4-8C95-6196A35CBB23}.Release|Any CPU.Deploy.0 = Release|Any CPU
		{1432C254-94FA-45B4-8C95-6196A35CBB23}.Release|ARM.ActiveCfg = Release|Any CPU
		{1432C254-94FA-45B4-8C95-6196A35CBB23}.Release|ARM.Build.0 = Release|Any CPU
		{1432C254-94FA-45B4-8C95-6196A35CBB23}.Release|ARM.Deploy.0 = Release|Any CPU
		{1432C254-94FA-45B4-8C95-6196A35CBB23}.Release|iPhone.ActiveCfg = Release|Any CPU
		{1432C254-94FA-45B4-8C95-6196A35CBB23}.Release|iPhone.Build.0 = Release|Any CPU
		{1432C254-94FA-45B4-8C95-6196A35CBB23}.Release|iPhone.Deploy.0 = Release|Any CPU
		{1432C254-94FA-45B4-8C95-6196A35CBB23}.Release|iPhoneSimulator.ActiveCfg = Release|Any CPU
		{1432C254-94FA-45B4-8C95-6196A35CBB23}.Release|iPhoneSimulator.Build.0 = Release|Any CPU
		{1432C254-94FA-45B4-8C95-6196A35CBB23}.Release|iPhoneSimulator.Deploy.0 = Release|Any CPU
		{1432C254-94FA-45B4-8C95-6196A35CBB23}.Release|x64.ActiveCfg = Release|Any CPU
		{1432C254-94FA-45B4-8C95-6196A35CBB23}.Release|x64.Build.0 = Release|Any CPU
		{1432C254-94FA-45B4-8C95-6196A35CBB23}.Release|x64.Deploy.0 = Release|Any CPU
		{1432C254-94FA-45B4-8C95-6196A35CBB23}.Release|x86.ActiveCfg = Release|Any CPU
		{1432C254-94FA-45B4-8C95-6196A35CBB23}.Release|x86.Build.0 = Release|Any CPU
		{1432C254-94FA-45B4-8C95-6196A35CBB23}.Release|x86.Deploy.0 = Release|Any CPU
		{908348F2-3236-4DB8-9EC3-4FB67239A1DA}.Debug|Any CPU.ActiveCfg = Debug|iPhoneSimulator
		{908348F2-3236-4DB8-9EC3-4FB67239A1DA}.Debug|Any CPU.Build.0 = Debug|iPhoneSimulator
		{908348F2-3236-4DB8-9EC3-4FB67239A1DA}.Debug|Any CPU.Deploy.0 = Debug|iPhoneSimulator
		{908348F2-3236-4DB8-9EC3-4FB67239A1DA}.Debug|ARM.ActiveCfg = Debug|iPhoneSimulator
		{908348F2-3236-4DB8-9EC3-4FB67239A1DA}.Debug|iPhone.ActiveCfg = Debug|iPhoneSimulator
		{908348F2-3236-4DB8-9EC3-4FB67239A1DA}.Debug|iPhoneSimulator.ActiveCfg = Debug|iPhoneSimulator
		{908348F2-3236-4DB8-9EC3-4FB67239A1DA}.Debug|iPhoneSimulator.Build.0 = Debug|iPhoneSimulator
		{908348F2-3236-4DB8-9EC3-4FB67239A1DA}.Debug|iPhoneSimulator.Deploy.0 = Debug|iPhoneSimulator
		{908348F2-3236-4DB8-9EC3-4FB67239A1DA}.Debug|x64.ActiveCfg = Debug|iPhoneSimulator
		{908348F2-3236-4DB8-9EC3-4FB67239A1DA}.Debug|x64.Build.0 = Debug|iPhoneSimulator
		{908348F2-3236-4DB8-9EC3-4FB67239A1DA}.Debug|x64.Deploy.0 = Debug|iPhoneSimulator
		{908348F2-3236-4DB8-9EC3-4FB67239A1DA}.Debug|x86.ActiveCfg = Debug|iPhoneSimulator
		{908348F2-3236-4DB8-9EC3-4FB67239A1DA}.Debug|x86.Build.0 = Debug|iPhoneSimulator
		{908348F2-3236-4DB8-9EC3-4FB67239A1DA}.Debug|x86.Deploy.0 = Debug|iPhoneSimulator
		{908348F2-3236-4DB8-9EC3-4FB67239A1DA}.Release|Any CPU.ActiveCfg = Release|iPhoneSimulator
		{908348F2-3236-4DB8-9EC3-4FB67239A1DA}.Release|Any CPU.Build.0 = Release|iPhoneSimulator
		{908348F2-3236-4DB8-9EC3-4FB67239A1DA}.Release|Any CPU.Deploy.0 = Release|iPhoneSimulator
		{908348F2-3236-4DB8-9EC3-4FB67239A1DA}.Release|ARM.ActiveCfg = Release|iPhoneSimulator
		{908348F2-3236-4DB8-9EC3-4FB67239A1DA}.Release|ARM.Build.0 = Release|iPhoneSimulator
		{908348F2-3236-4DB8-9EC3-4FB67239A1DA}.Release|ARM.Deploy.0 = Release|iPhoneSimulator
		{908348F2-3236-4DB8-9EC3-4FB67239A1DA}.Release|iPhone.ActiveCfg = Release|iPhoneSimulator
		{908348F2-3236-4DB8-9EC3-4FB67239A1DA}.Release|iPhoneSimulator.ActiveCfg = Release|iPhoneSimulator
		{908348F2-3236-4DB8-9EC3-4FB67239A1DA}.Release|iPhoneSimulator.Build.0 = Release|iPhoneSimulator
		{908348F2-3236-4DB8-9EC3-4FB67239A1DA}.Release|iPhoneSimulator.Deploy.0 = Release|iPhoneSimulator
		{908348F2-3236-4DB8-9EC3-4FB67239A1DA}.Release|x64.ActiveCfg = Release|iPhoneSimulator
		{908348F2-3236-4DB8-9EC3-4FB67239A1DA}.Release|x64.Build.0 = Release|iPhoneSimulator
		{908348F2-3236-4DB8-9EC3-4FB67239A1DA}.Release|x64.Deploy.0 = Release|iPhoneSimulator
		{908348F2-3236-4DB8-9EC3-4FB67239A1DA}.Release|x86.ActiveCfg = Release|iPhoneSimulator
		{908348F2-3236-4DB8-9EC3-4FB67239A1DA}.Release|x86.Build.0 = Release|iPhoneSimulator
		{908348F2-3236-4DB8-9EC3-4FB67239A1DA}.Release|x86.Deploy.0 = Release|iPhoneSimulator
		{19855A93-AFD2-47AC-AAB6-FC19094F6F31}.Debug|Any CPU.ActiveCfg = Debug|Any CPU
		{19855A93-AFD2-47AC-AAB6-FC19094F6F31}.Debug|Any CPU.Build.0 = Debug|Any CPU
		{19855A93-AFD2-47AC-AAB6-FC19094F6F31}.Debug|Any CPU.Deploy.0 = Debug|Any CPU
		{19855A93-AFD2-47AC-AAB6-FC19094F6F31}.Debug|ARM.ActiveCfg = Debug|Any CPU
		{19855A93-AFD2-47AC-AAB6-FC19094F6F31}.Debug|ARM.Build.0 = Debug|Any CPU
		{19855A93-AFD2-47AC-AAB6-FC19094F6F31}.Debug|ARM.Deploy.0 = Debug|Any CPU
		{19855A93-AFD2-47AC-AAB6-FC19094F6F31}.Debug|iPhone.ActiveCfg = Debug|Any CPU
		{19855A93-AFD2-47AC-AAB6-FC19094F6F31}.Debug|iPhone.Build.0 = Debug|Any CPU
		{19855A93-AFD2-47AC-AAB6-FC19094F6F31}.Debug|iPhone.Deploy.0 = Debug|Any CPU
		{19855A93-AFD2-47AC-AAB6-FC19094F6F31}.Debug|iPhoneSimulator.ActiveCfg = Debug|Any CPU
		{19855A93-AFD2-47AC-AAB6-FC19094F6F31}.Debug|iPhoneSimulator.Build.0 = Debug|Any CPU
		{19855A93-AFD2-47AC-AAB6-FC19094F6F31}.Debug|iPhoneSimulator.Deploy.0 = Debug|Any CPU
		{19855A93-AFD2-47AC-AAB6-FC19094F6F31}.Debug|x64.ActiveCfg = Debug|Any CPU
		{19855A93-AFD2-47AC-AAB6-FC19094F6F31}.Debug|x64.Build.0 = Debug|Any CPU
		{19855A93-AFD2-47AC-AAB6-FC19094F6F31}.Debug|x64.Deploy.0 = Debug|Any CPU
		{19855A93-AFD2-47AC-AAB6-FC19094F6F31}.Debug|x86.ActiveCfg = Debug|Any CPU
		{19855A93-AFD2-47AC-AAB6-FC19094F6F31}.Debug|x86.Build.0 = Debug|Any CPU
		{19855A93-AFD2-47AC-AAB6-FC19094F6F31}.Debug|x86.Deploy.0 = Debug|Any CPU
		{19855A93-AFD2-47AC-AAB6-FC19094F6F31}.Release|Any CPU.ActiveCfg = Release|Any CPU
		{19855A93-AFD2-47AC-AAB6-FC19094F6F31}.Release|Any CPU.Build.0 = Release|Any CPU
		{19855A93-AFD2-47AC-AAB6-FC19094F6F31}.Release|Any CPU.Deploy.0 = Release|Any CPU
		{19855A93-AFD2-47AC-AAB6-FC19094F6F31}.Release|ARM.ActiveCfg = Release|Any CPU
		{19855A93-AFD2-47AC-AAB6-FC19094F6F31}.Release|ARM.Build.0 = Release|Any CPU
		{19855A93-AFD2-47AC-AAB6-FC19094F6F31}.Release|ARM.Deploy.0 = Release|Any CPU
		{19855A93-AFD2-47AC-AAB6-FC19094F6F31}.Release|iPhone.ActiveCfg = Release|Any CPU
		{19855A93-AFD2-47AC-AAB6-FC19094F6F31}.Release|iPhone.Build.0 = Release|Any CPU
		{19855A93-AFD2-47AC-AAB6-FC19094F6F31}.Release|iPhone.Deploy.0 = Release|Any CPU
		{19855A93-AFD2-47AC-AAB6-FC19094F6F31}.Release|iPhoneSimulator.ActiveCfg = Release|Any CPU
		{19855A93-AFD2-47AC-AAB6-FC19094F6F31}.Release|iPhoneSimulator.Build.0 = Release|Any CPU
		{19855A93-AFD2-47AC-AAB6-FC19094F6F31}.Release|iPhoneSimulator.Deploy.0 = Release|Any CPU
		{19855A93-AFD2-47AC-AAB6-FC19094F6F31}.Release|x64.ActiveCfg = Release|Any CPU
		{19855A93-AFD2-47AC-AAB6-FC19094F6F31}.Release|x64.Build.0 = Release|Any CPU
		{19855A93-AFD2-47AC-AAB6-FC19094F6F31}.Release|x64.Deploy.0 = Release|Any CPU
		{19855A93-AFD2-47AC-AAB6-FC19094F6F31}.Release|x86.ActiveCfg = Release|Any CPU
		{19855A93-AFD2-47AC-AAB6-FC19094F6F31}.Release|x86.Build.0 = Release|Any CPU
		{19855A93-AFD2-47AC-AAB6-FC19094F6F31}.Release|x86.Deploy.0 = Release|Any CPU
	EndGlobalSection
	GlobalSection(SolutionProperties) = preSolution
		HideSolutionNode = FALSE
	EndGlobalSection
	GlobalSection(ExtensibilityGlobals) = postSolution
		SolutionGuid = {081B75B8-C3C5-48CA-88B6-E7A742DB9690}
	EndGlobalSection
EndGlobal
